
Microsoft Visual Studio Solution File, Format Version 12.00
# Visual Studio Version 17
VisualStudioVersion = 17.4.33213.308
MinimumVisualStudioVersion = 10.0.40219.1
Project("{FAE04EC0-301F-11D3-BF4B-00C04F79EFBC}") = "final_work", "final_work\final_work.csproj", "{4795A38E-191E-43C0-9239-1CF5FA5746FD}"
EndProject
Global
	GlobalSection(SolutionConfigurationPlatforms) = preSolution
		Debug|Any CPU = Debug|Any CPU
		Release|Any CPU = Release|Any CPU
	EndGlobalSection
	GlobalSection(ProjectConfigurationPlatforms) = postSolution
		{4795A38E-191E-43C0-9239-1CF5FA5746FD}.Debug|Any CPU.ActiveCfg = Debug|Any CPU
		{4795A38E-191E-43C0-9239-1CF5FA5746FD}.Debug|Any CPU.Build.0 = Debug|Any CPU
		{4795A38E-191E-43C0-9239-1CF5FA5746FD}.Release|Any CPU.ActiveCfg = Release|Any CPU
		{4795A38E-191E-43C0-9239-1CF5FA5746FD}.Release|Any CPU.Build.0 = Release|Any CPU
	EndGlobalSection
	GlobalSection(SolutionProperties) = preSolution
		HideSolutionNode = FALSE
	EndGlobalSection
	GlobalSection(ExtensibilityGlobals) = postSolution
		SolutionGuid = {02AAA977-BBBE-44D9-AC71-3095E28B8346}
	EndGlobalSection
EndGlobal
